
Microsoft Visual Studio Solution File, Format Version 12.00
# Visual Studio 15
VisualStudioVersion = 15.0.27703.2026
MinimumVisualStudioVersion = 10.0.40219.1
Project("{FAE04EC0-301F-11D3-BF4B-00C04F79EFBC}") = "GameServerApp", "GameServerApp\GameServerApp.csproj", "{B3A71387-135F-439A-A9D7-F6B4CA405E3A}"
EndProject
Global
	GlobalSection(SolutionConfigurationPlatforms) = preSolution
		Debug|Any CPU = Debug|Any CPU
		Release|Any CPU = Release|Any CPU
	EndGlobalSection
	GlobalSection(ProjectConfigurationPlatforms) = postSolution
		{B3A71387-135F-439A-A9D7-F6B4CA405E3A}.Debug|Any CPU.ActiveCfg = Debug|Any CPU
		{B3A71387-135F-439A-A9D7-F6B4CA405E3A}.Debug|Any CPU.Build.0 = Debug|Any CPU
		{B3A71387-135F-439A-A9D7-F6B4CA405E3A}.Release|Any CPU.ActiveCfg = Release|Any CPU
		{B3A71387-135F-439A-A9D7-F6B4CA405E3A}.Release|Any CPU.Build.0 = Release|Any CPU
	EndGlobalSection
	GlobalSection(SolutionProperties) = preSolution
		HideSolutionNode = FALSE
	EndGlobalSection
	GlobalSection(ExtensibilityGlobals) = postSolution
		SolutionGuid = {84D4B780-F58A-4A30-BE8A-025623C56160}
	EndGlobalSection
EndGlobal
